// !$*UTF8*$!
{
	archiveVersion = 1;
	classes = {
	};
	objectVersion = 48;
	objects = {

/* Begin PBXBuildFile section */
		4A2D4A411FD734150086ED0D /* AppDelegate.swift in Sources */ = {isa = PBXBuildFile; fileRef = 4A2D4A401FD734150086ED0D /* AppDelegate.swift */; };
		4A2D4A431FD734150086ED0D /* ViewController.swift in Sources */ = {isa = PBXBuildFile; fileRef = 4A2D4A421FD734150086ED0D /* ViewController.swift */; };
		4A2D4A461FD734150086ED0D /* Main.storyboard in Resources */ = {isa = PBXBuildFile; fileRef = 4A2D4A441FD734150086ED0D /* Main.storyboard */; };
		4A2D4A481FD734150086ED0D /* Assets.xcassets in Resources */ = {isa = PBXBuildFile; fileRef = 4A2D4A471FD734150086ED0D /* Assets.xcassets */; };
		4A2D4A4B1FD734150086ED0D /* LaunchScreen.storyboard in Resources */ = {isa = PBXBuildFile; fileRef = 4A2D4A491FD734150086ED0D /* LaunchScreen.storyboard */; };
		4A2D4A561FD734150086ED0D /* AmusementParkPassGeneratorTests.swift in Sources */ = {isa = PBXBuildFile; fileRef = 4A2D4A551FD734150086ED0D /* AmusementParkPassGeneratorTests.swift */; };
		4A2D4A611FD734150086ED0D /* AmusementParkPassGeneratorUITests.swift in Sources */ = {isa = PBXBuildFile; fileRef = 4A2D4A601FD734150086ED0D /* AmusementParkPassGeneratorUITests.swift */; };
		4A7EB94C1FD735150059F15A /* AreaAccess.swift in Sources */ = {isa = PBXBuildFile; fileRef = 4A7EB94B1FD735150059F15A /* AreaAccess.swift */; };
		4A7EB94E1FD735680059F15A /* RideAccess.swift in Sources */ = {isa = PBXBuildFile; fileRef = 4A7EB94D1FD735680059F15A /* RideAccess.swift */; };
		4A7EB9511FD737270059F15A /* DiscountAccess.swift in Sources */ = {isa = PBXBuildFile; fileRef = 4A7EB9501FD737270059F15A /* DiscountAccess.swift */; };
/* End PBXBuildFile section */

/* Begin PBXContainerItemProxy section */
		4A2D4A521FD734150086ED0D /* PBXContainerItemProxy */ = {
			isa = PBXContainerItemProxy;
			containerPortal = 4A2D4A351FD734150086ED0D /* Project object */;
			proxyType = 1;
			remoteGlobalIDString = 4A2D4A3C1FD734150086ED0D;
			remoteInfo = AmusementParkPassGenerator;
		};
		4A2D4A5D1FD734150086ED0D /* PBXContainerItemProxy */ = {
			isa = PBXContainerItemProxy;
			containerPortal = 4A2D4A351FD734150086ED0D /* Project object */;
			proxyType = 1;
			remoteGlobalIDString = 4A2D4A3C1FD734150086ED0D;
			remoteInfo = AmusementParkPassGenerator;
		};
/* End PBXContainerItemProxy section */

/* Begin PBXFileReference section */
		4A2D4A3D1FD734150086ED0D /* AmusementParkPassGenerator.app */ = {isa = PBXFileReference; explicitFileType = wrapper.application; includeInIndex = 0; path = AmusementParkPassGenerator.app; sourceTree = BUILT_PRODUCTS_DIR; };
		4A2D4A401FD734150086ED0D /* AppDelegate.swift */ = {isa = PBXFileReference; lastKnownFileType = sourcecode.swift; path = AppDelegate.swift; sourceTree = "<group>"; };
		4A2D4A421FD734150086ED0D /* ViewController.swift */ = {isa = PBXFileReference; lastKnownFileType = sourcecode.swift; path = ViewController.swift; sourceTree = "<group>"; };
		4A2D4A451FD734150086ED0D /* Base */ = {isa = PBXFileReference; lastKnownFileType = file.storyboard; name = Base; path = Base.lproj/Main.storyboard; sourceTree = "<group>"; };
		4A2D4A471FD734150086ED0D /* Assets.xcassets */ = {isa = PBXFileReference; lastKnownFileType = folder.assetcatalog; path = Assets.xcassets; sourceTree = "<group>"; };
		4A2D4A4A1FD734150086ED0D /* Base */ = {isa = PBXFileReference; lastKnownFileType = file.storyboard; name = Base; path = Base.lproj/LaunchScreen.storyboard; sourceTree = "<group>"; };
		4A2D4A4C1FD734150086ED0D /* Info.plist */ = {isa = PBXFileReference; lastKnownFileType = text.plist.xml; path = Info.plist; sourceTree = "<group>"; };
		4A2D4A511FD734150086ED0D /* AmusementParkPassGeneratorTests.xctest */ = {isa = PBXFileReference; explicitFileType = wrapper.cfbundle; includeInIndex = 0; path = AmusementParkPassGeneratorTests.xctest; sourceTree = BUILT_PRODUCTS_DIR; };
		4A2D4A551FD734150086ED0D /* AmusementParkPassGeneratorTests.swift */ = {isa = PBXFileReference; lastKnownFileType = sourcecode.swift; path = AmusementParkPassGeneratorTests.swift; sourceTree = "<group>"; };
		4A2D4A571FD734150086ED0D /* Info.plist */ = {isa = PBXFileReference; lastKnownFileType = text.plist.xml; path = Info.plist; sourceTree = "<group>"; };
		4A2D4A5C1FD734150086ED0D /* AmusementParkPassGeneratorUITests.xctest */ = {isa = PBXFileReference; explicitFileType = wrapper.cfbundle; includeInIndex = 0; path = AmusementParkPassGeneratorUITests.xctest; sourceTree = BUILT_PRODUCTS_DIR; };
		4A2D4A601FD734150086ED0D /* AmusementParkPassGeneratorUITests.swift */ = {isa = PBXFileReference; lastKnownFileType = sourcecode.swift; path = AmusementParkPassGeneratorUITests.swift; sourceTree = "<group>"; };
		4A2D4A621FD734150086ED0D /* Info.plist */ = {isa = PBXFileReference; lastKnownFileType = text.plist.xml; path = Info.plist; sourceTree = "<group>"; };
		4A7EB94B1FD735150059F15A /* AreaAccess.swift */ = {isa = PBXFileReference; lastKnownFileType = sourcecode.swift; path = AreaAccess.swift; sourceTree = "<group>"; };
		4A7EB94D1FD735680059F15A /* RideAccess.swift */ = {isa = PBXFileReference; lastKnownFileType = sourcecode.swift; path = RideAccess.swift; sourceTree = "<group>"; };
		4A7EB9501FD737270059F15A /* DiscountAccess.swift */ = {isa = PBXFileReference; lastKnownFileType = sourcecode.swift; path = DiscountAccess.swift; sourceTree = "<group>"; };
/* End PBXFileReference section */

/* Begin PBXFrameworksBuildPhase section */
		4A2D4A3A1FD734150086ED0D /* Frameworks */ = {
			isa = PBXFrameworksBuildPhase;
			buildActionMask = 2147483647;
			files = (
			);
			runOnlyForDeploymentPostprocessing = 0;
		};
		4A2D4A4E1FD734150086ED0D /* Frameworks */ = {
			isa = PBXFrameworksBuildPhase;
			buildActionMask = 2147483647;
			files = (
			);
			runOnlyForDeploymentPostprocessing = 0;
		};
		4A2D4A591FD734150086ED0D /* Frameworks */ = {
			isa = PBXFrameworksBuildPhase;
			buildActionMask = 2147483647;
			files = (
			);
			runOnlyForDeploymentPostprocessing = 0;
		};
/* End PBXFrameworksBuildPhase section */

/* Begin PBXGroup section */
		4A2D4A341FD734150086ED0D = {
			isa = PBXGroup;
			children = (
				4A2D4A3F1FD734150086ED0D /* AmusementParkPassGenerator */,
				4A2D4A541FD734150086ED0D /* AmusementParkPassGeneratorTests */,
				4A2D4A5F1FD734150086ED0D /* AmusementParkPassGeneratorUITests */,
				4A2D4A3E1FD734150086ED0D /* Products */,
			);
			sourceTree = "<group>";
		};
		4A2D4A3E1FD734150086ED0D /* Products */ = {
			isa = PBXGroup;
			children = (
				4A2D4A3D1FD734150086ED0D /* AmusementParkPassGenerator.app */,
				4A2D4A511FD734150086ED0D /* AmusementParkPassGeneratorTests.xctest */,
				4A2D4A5C1FD734150086ED0D /* AmusementParkPassGeneratorUITests.xctest */,
			);
			name = Products;
			sourceTree = "<group>";
		};
		4A2D4A3F1FD734150086ED0D /* AmusementParkPassGenerator */ = {
			isa = PBXGroup;
			children = (
				4A7EB94A1FD734F90059F15A /* Access */,
				4A2D4A401FD734150086ED0D /* AppDelegate.swift */,
				4A2D4A421FD734150086ED0D /* ViewController.swift */,
				4A2D4A441FD734150086ED0D /* Main.storyboard */,
				4A2D4A471FD734150086ED0D /* Assets.xcassets */,
				4A2D4A491FD734150086ED0D /* LaunchScreen.storyboard */,
				4A2D4A4C1FD734150086ED0D /* Info.plist */,
			);
			path = AmusementParkPassGenerator;
			sourceTree = "<group>";
		};
		4A2D4A541FD734150086ED0D /* AmusementParkPassGeneratorTests */ = {
			isa = PBXGroup;
			children = (
				4A2D4A551FD734150086ED0D /* AmusementParkPassGeneratorTests.swift */,
				4A2D4A571FD734150086ED0D /* Info.plist */,
			);
			path = AmusementParkPassGeneratorTests;
			sourceTree = "<group>";
		};
		4A2D4A5F1FD734150086ED0D /* AmusementParkPassGeneratorUITests */ = {
			isa = PBXGroup;
			children = (
				4A2D4A601FD734150086ED0D /* AmusementParkPassGeneratorUITests.swift */,
				4A2D4A621FD734150086ED0D /* Info.plist */,
			);
			path = AmusementParkPassGeneratorUITests;
			sourceTree = "<group>";
		};
		4A7EB94A1FD734F90059F15A /* Access */ = {
			isa = PBXGroup;
			children = (
				4A7EB94B1FD735150059F15A /* AreaAccess.swift */,
				4A7EB94D1FD735680059F15A /* RideAccess.swift */,
				4A7EB9501FD737270059F15A /* DiscountAccess.swift */,
			);
			path = Access;
			sourceTree = "<group>";
		};
/* End PBXGroup section */

/* Begin PBXNativeTarget section */
		4A2D4A3C1FD734150086ED0D /* AmusementParkPassGenerator */ = {
			isa = PBXNativeTarget;
			buildConfigurationList = 4A2D4A651FD734150086ED0D /* Build configuration list for PBXNativeTarget "AmusementParkPassGenerator" */;
			buildPhases = (
				4A2D4A391FD734150086ED0D /* Sources */,
				4A2D4A3A1FD734150086ED0D /* Frameworks */,
				4A2D4A3B1FD734150086ED0D /* Resources */,
			);
			buildRules = (
			);
			dependencies = (
			);
			name = AmusementParkPassGenerator;
			productName = AmusementParkPassGenerator;
			productReference = 4A2D4A3D1FD734150086ED0D /* AmusementParkPassGenerator.app */;
			productType = "com.apple.product-type.application";
		};
		4A2D4A501FD734150086ED0D /* AmusementParkPassGeneratorTests */ = {
			isa = PBXNativeTarget;
			buildConfigurationList = 4A2D4A681FD734150086ED0D /* Build configuration list for PBXNativeTarget "AmusementParkPassGeneratorTests" */;
			buildPhases = (
				4A2D4A4D1FD734150086ED0D /* Sources */,
				4A2D4A4E1FD734150086ED0D /* Frameworks */,
				4A2D4A4F1FD734150086ED0D /* Resources */,
			);
			buildRules = (
			);
			dependencies = (
				4A2D4A531FD734150086ED0D /* PBXTargetDependency */,
			);
			name = AmusementParkPassGeneratorTests;
			productName = AmusementParkPassGeneratorTests;
			productReference = 4A2D4A511FD734150086ED0D /* AmusementParkPassGeneratorTests.xctest */;
			productType = "com.apple.product-type.bundle.unit-test";
		};
		4A2D4A5B1FD734150086ED0D /* AmusementParkPassGeneratorUITests */ = {
			isa = PBXNativeTarget;
			buildConfigurationList = 4A2D4A6B1FD734150086ED0D /* Build configuration list for PBXNativeTarget "AmusementParkPassGeneratorUITests" */;
			buildPhases = (
				4A2D4A581FD734150086ED0D /* Sources */,
				4A2D4A591FD734150086ED0D /* Frameworks */,
				4A2D4A5A1FD734150086ED0D /* Resources */,
			);
			buildRules = (
			);
			dependencies = (
				4A2D4A5E1FD734150086ED0D /* PBXTargetDependency */,
			);
			name = AmusementParkPassGeneratorUITests;
			productName = AmusementParkPassGeneratorUITests;
			productReference = 4A2D4A5C1FD734150086ED0D /* AmusementParkPassGeneratorUITests.xctest */;
			productType = "com.apple.product-type.bundle.ui-testing";
		};
/* End PBXNativeTarget section */

/* Begin PBXProject section */
		4A2D4A351FD734150086ED0D /* Project object */ = {
			isa = PBXProject;
			attributes = {
				LastSwiftUpdateCheck = 0910;
				LastUpgradeCheck = 0910;
				ORGANIZATIONNAME = "Mohammed Al-Dahleh";
				TargetAttributes = {
					4A2D4A3C1FD734150086ED0D = {
						CreatedOnToolsVersion = 9.1;
						ProvisioningStyle = Automatic;
					};
					4A2D4A501FD734150086ED0D = {
						CreatedOnToolsVersion = 9.1;
						ProvisioningStyle = Automatic;
						TestTargetID = 4A2D4A3C1FD734150086ED0D;
					};
					4A2D4A5B1FD734150086ED0D = {
						CreatedOnToolsVersion = 9.1;
						ProvisioningStyle = Automatic;
						TestTargetID = 4A2D4A3C1FD734150086ED0D;
					};
				};
			};
			buildConfigurationList = 4A2D4A381FD734150086ED0D /* Build configuration list for PBXProject "AmusementParkPassGenerator" */;
			compatibilityVersion = "Xcode 8.0";
			developmentRegion = en;
			hasScannedForEncodings = 0;
			knownRegions = (
				en,
				Base,
			);
			mainGroup = 4A2D4A341FD734150086ED0D;
			productRefGroup = 4A2D4A3E1FD734150086ED0D /* Products */;
			projectDirPath = "";
			projectRoot = "";
			targets = (
				4A2D4A3C1FD734150086ED0D /* AmusementParkPassGenerator */,
				4A2D4A501FD734150086ED0D /* AmusementParkPassGeneratorTests */,
				4A2D4A5B1FD734150086ED0D /* AmusementParkPassGeneratorUITests */,
			);
		};
/* End PBXProject section */

/* Begin PBXResourcesBuildPhase section */
		4A2D4A3B1FD734150086ED0D /* Resources */ = {
			isa = PBXResourcesBuildPhase;
			buildActionMask = 2147483647;
			files = (
				4A2D4A4B1FD734150086ED0D /* LaunchScreen.storyboard in Resources */,
				4A2D4A481FD734150086ED0D /* Assets.xcassets in Resources */,
				4A2D4A461FD734150086ED0D /* Main.storyboard in Resources */,
			);
			runOnlyForDeploymentPostprocessing = 0;
		};
		4A2D4A4F1FD734150086ED0D /* Resources */ = {
			isa = PBXResourcesBuildPhase;
			buildActionMask = 2147483647;
			files = (
			);
			runOnlyForDeploymentPostprocessing = 0;
		};
		4A2D4A5A1FD734150086ED0D /* Resources */ = {
			isa = PBXResourcesBuildPhase;
			buildActionMask = 2147483647;
			files = (
			);
			runOnlyForDeploymentPostprocessing = 0;
		};
/* End PBXResourcesBuildPhase section */

/* Begin PBXSourcesBuildPhase section */
		4A2D4A391FD734150086ED0D /* Sources */ = {
			isa = PBXSourcesBuildPhase;
			buildActionMask = 2147483647;
			files = (
				4A2D4A431FD734150086ED0D /* ViewController.swift in Sources */,
				4A7EB9511FD737270059F15A /* DiscountAccess.swift in Sources */,
				4A7EB94E1FD735680059F15A /* RideAccess.swift in Sources */,
				4A7EB94C1FD735150059F15A /* AreaAccess.swift in Sources */,
				4A2D4A411FD734150086ED0D /* AppDelegate.swift in Sources */,
			);
			runOnlyForDeploymentPostprocessing = 0;
		};
		4A2D4A4D1FD734150086ED0D /* Sources */ = {
			isa = PBXSourcesBuildPhase;
			buildActionMask = 2147483647;
			files = (
				4A2D4A561FD734150086ED0D /* AmusementParkPassGeneratorTests.swift in Sources */,
			);
			runOnlyForDeploymentPostprocessing = 0;
		};
		4A2D4A581FD734150086ED0D /* Sources */ = {
			isa = PBXSourcesBuildPhase;
			buildActionMask = 2147483647;
			files = (
				4A2D4A611FD734150086ED0D /* AmusementParkPassGeneratorUITests.swift in Sources */,
			);
			runOnlyForDeploymentPostprocessing = 0;
		};
/* End PBXSourcesBuildPhase section */

/* Begin PBXTargetDependency section */
		4A2D4A531FD734150086ED0D /* PBXTargetDependency */ = {
			isa = PBXTargetDependency;
			target = 4A2D4A3C1FD734150086ED0D /* AmusementParkPassGenerator */;
			targetProxy = 4A2D4A521FD734150086ED0D /* PBXContainerItemProxy */;
		};
		4A2D4A5E1FD734150086ED0D /* PBXTargetDependency */ = {
			isa = PBXTargetDependency;
			target = 4A2D4A3C1FD734150086ED0D /* AmusementParkPassGenerator */;
			targetProxy = 4A2D4A5D1FD734150086ED0D /* PBXContainerItemProxy */;
		};
/* End PBXTargetDependency section */

/* Begin PBXVariantGroup section */
		4A2D4A441FD734150086ED0D /* Main.storyboard */ = {
			isa = PBXVariantGroup;
			children = (
				4A2D4A451FD734150086ED0D /* Base */,
			);
			name = Main.storyboard;
			sourceTree = "<group>";
		};
		4A2D4A491FD734150086ED0D /* LaunchScreen.storyboard */ = {
			isa = PBXVariantGroup;
			children = (
				4A2D4A4A1FD734150086ED0D /* Base */,
			);
			name = LaunchScreen.storyboard;
			sourceTree = "<group>";
		};
/* End PBXVariantGroup section */

/* Begin XCBuildConfiguration section */
		4A2D4A631FD734150086ED0D /* Debug */ = {
			isa = XCBuildConfiguration;
			buildSettings = {
				ALWAYS_SEARCH_USER_PATHS = NO;
				CLANG_ANALYZER_NONNULL = YES;
				CLANG_ANALYZER_NUMBER_OBJECT_CONVERSION = YES_AGGRESSIVE;
				CLANG_CXX_LANGUAGE_STANDARD = "gnu++14";
				CLANG_CXX_LIBRARY = "libc++";
				CLANG_ENABLE_MODULES = YES;
				CLANG_ENABLE_OBJC_ARC = YES;
				CLANG_WARN_BLOCK_CAPTURE_AUTORELEASING = YES;
				CLANG_WARN_BOOL_CONVERSION = YES;
				CLANG_WARN_COMMA = YES;
				CLANG_WARN_CONSTANT_CONVERSION = YES;
				CLANG_WARN_DIRECT_OBJC_ISA_USAGE = YES_ERROR;
				CLANG_WARN_DOCUMENTATION_COMMENTS = YES;
				CLANG_WARN_EMPTY_BODY = YES;
				CLANG_WARN_ENUM_CONVERSION = YES;
				CLANG_WARN_INFINITE_RECURSION = YES;
				CLANG_WARN_INT_CONVERSION = YES;
				CLANG_WARN_NON_LITERAL_NULL_CONVERSION = YES;
				CLANG_WARN_OBJC_LITERAL_CONVERSION = YES;
				CLANG_WARN_OBJC_ROOT_CLASS = YES_ERROR;
				CLANG_WARN_RANGE_LOOP_ANALYSIS = YES;
				CLANG_WARN_STRICT_PROTOTYPES = YES;
				CLANG_WARN_SUSPICIOUS_MOVE = YES;
				CLANG_WARN_UNGUARDED_AVAILABILITY = YES_AGGRESSIVE;
				CLANG_WARN_UNREACHABLE_CODE = YES;
				CLANG_WARN__DUPLICATE_METHOD_MATCH = YES;
				CODE_SIGN_IDENTITY = "iPhone Developer";
				COPY_PHASE_STRIP = NO;
				DEBUG_INFORMATION_FORMAT = dwarf;
				ENABLE_STRICT_OBJC_MSGSEND = YES;
				ENABLE_TESTABILITY = YES;
				GCC_C_LANGUAGE_STANDARD = gnu11;
				GCC_DYNAMIC_NO_PIC = NO;
				GCC_NO_COMMON_BLOCKS = YES;
				GCC_OPTIMIZATION_LEVEL = 0;
				GCC_PREPROCESSOR_DEFINITIONS = (
					"DEBUG=1",
					"$(inherited)",
				);
				GCC_WARN_64_TO_32_BIT_CONVERSION = YES;
				GCC_WARN_ABOUT_RETURN_TYPE = YES_ERROR;
				GCC_WARN_UNDECLARED_SELECTOR = YES;
				GCC_WARN_UNINITIALIZED_AUTOS = YES_AGGRESSIVE;
				GCC_WARN_UNUSED_FUNCTION = YES;
				GCC_WARN_UNUSED_VARIABLE = YES;
				IPHONEOS_DEPLOYMENT_TARGET = 11.1;
				MTL_ENABLE_DEBUG_INFO = YES;
				ONLY_ACTIVE_ARCH = YES;
				SDKROOT = iphoneos;
				SWIFT_ACTIVE_COMPILATION_CONDITIONS = DEBUG;
				SWIFT_OPTIMIZATION_LEVEL = "-Onone";
			};
			name = Debug;
		};
		4A2D4A641FD734150086ED0D /* Release */ = {
			isa = XCBuildConfiguration;
			buildSettings = {
				ALWAYS_SEARCH_USER_PATHS = NO;
				CLANG_ANALYZER_NONNULL = YES;
				CLANG_ANALYZER_NUMBER_OBJECT_CONVERSION = YES_AGGRESSIVE;
				CLANG_CXX_LANGUAGE_STANDARD = "gnu++14";
				CLANG_CXX_LIBRARY = "libc++";
				CLANG_ENABLE_MODULES = YES;
				CLANG_ENABLE_OBJC_ARC = YES;
				CLANG_WARN_BLOCK_CAPTURE_AUTORELEASING = YES;
				CLANG_WARN_BOOL_CONVERSION = YES;
				CLANG_WARN_COMMA = YES;
				CLANG_WARN_CONSTANT_CONVERSION = YES;
				CLANG_WARN_DIRECT_OBJC_ISA_USAGE = YES_ERROR;
				CLANG_WARN_DOCUMENTATION_COMMENTS = YES;
				CLANG_WARN_EMPTY_BODY = YES;
				CLANG_WARN_ENUM_CONVERSION = YES;
				CLANG_WARN_INFINITE_RECURSION = YES;
				CLANG_WARN_INT_CONVERSION = YES;
				CLANG_WARN_NON_LITERAL_NULL_CONVERSION = YES;
				CLANG_WARN_OBJC_LITERAL_CONVERSION = YES;
				CLANG_WARN_OBJC_ROOT_CLASS = YES_ERROR;
				CLANG_WARN_RANGE_LOOP_ANALYSIS = YES;
				CLANG_WARN_STRICT_PROTOTYPES = YES;
				CLANG_WARN_SUSPICIOUS_MOVE = YES;
				CLANG_WARN_UNGUARDED_AVAILABILITY = YES_AGGRESSIVE;
				CLANG_WARN_UNREACHABLE_CODE = YES;
				CLANG_WARN__DUPLICATE_METHOD_MATCH = YES;
				CODE_SIGN_IDENTITY = "iPhone Developer";
				COPY_PHASE_STRIP = NO;
				DEBUG_INFORMATION_FORMAT = "dwarf-with-dsym";
				ENABLE_NS_ASSERTIONS = NO;
				ENABLE_STRICT_OBJC_MSGSEND = YES;
				GCC_C_LANGUAGE_STANDARD = gnu11;
				GCC_NO_COMMON_BLOCKS = YES;
				GCC_WARN_64_TO_32_BIT_CONVERSION = YES;
				GCC_WARN_ABOUT_RETURN_TYPE = YES_ERROR;
				GCC_WARN_UNDECLARED_SELECTOR = YES;
				GCC_WARN_UNINITIALIZED_AUTOS = YES_AGGRESSIVE;
				GCC_WARN_UNUSED_FUNCTION = YES;
				GCC_WARN_UNUSED_VARIABLE = YES;
				IPHONEOS_DEPLOYMENT_TARGET = 11.1;
				MTL_ENABLE_DEBUG_INFO = NO;
				SDKROOT = iphoneos;
				SWIFT_OPTIMIZATION_LEVEL = "-Owholemodule";
				VALIDATE_PRODUCT = YES;
			};
			name = Release;
		};
		4A2D4A661FD734150086ED0D /* Debug */ = {
			isa = XCBuildConfiguration;
			buildSettings = {
				ASSETCATALOG_COMPILER_APPICON_NAME = AppIcon;
				CODE_SIGN_STYLE = Automatic;
				DEVELOPMENT_TEAM = BK6SYNX968;
				INFOPLIST_FILE = AmusementParkPassGenerator/Info.plist;
				LD_RUNPATH_SEARCH_PATHS = "$(inherited) @executable_path/Frameworks";
				PRODUCT_BUNDLE_IDENTIFIER = io.maldahleh.AmusementParkPassGenerator;
				PRODUCT_NAME = "$(TARGET_NAME)";
				SWIFT_VERSION = 4.0;
				TARGETED_DEVICE_FAMILY = "1,2";
			};
			name = Debug;
		};
		4A2D4A671FD734150086ED0D /* Release */ = {
			isa = XCBuildConfiguration;
			buildSettings = {
				ASSETCATALOG_COMPILER_APPICON_NAME = AppIcon;
				CODE_SIGN_STYLE = Automatic;
				DEVELOPMENT_TEAM = BK6SYNX968;
				INFOPLIST_FILE = AmusementParkPassGenerator/Info.plist;
				LD_RUNPATH_SEARCH_PATHS = "$(inherited) @executable_path/Frameworks";
				PRODUCT_BUNDLE_IDENTIFIER = io.maldahleh.AmusementParkPassGenerator;
				PRODUCT_NAME = "$(TARGET_NAME)";
				SWIFT_VERSION = 4.0;
				TARGETED_DEVICE_FAMILY = "1,2";
			};
			name = Release;
		};
		4A2D4A691FD734150086ED0D /* Debug */ = {
			isa = XCBuildConfiguration;
			buildSettings = {
				ALWAYS_EMBED_SWIFT_STANDARD_LIBRARIES = YES;
				BUNDLE_LOADER = "$(TEST_HOST)";
				CODE_SIGN_STYLE = Automatic;
				DEVELOPMENT_TEAM = BK6SYNX968;
				INFOPLIST_FILE = AmusementParkPassGeneratorTests/Info.plist;
				LD_RUNPATH_SEARCH_PATHS = "$(inherited) @executable_path/Frameworks @loader_path/Frameworks";
				PRODUCT_BUNDLE_IDENTIFIER = io.maldahleh.AmusementParkPassGeneratorTests;
				PRODUCT_NAME = "$(TARGET_NAME)";
				SWIFT_VERSION = 4.0;
				TARGETED_DEVICE_FAMILY = "1,2";
				TEST_HOST = "$(BUILT_PRODUCTS_DIR)/AmusementParkPassGenerator.app/AmusementParkPassGenerator";
			};
			name = Debug;
		};
		4A2D4A6A1FD734150086ED0D /* Release */ = {
			isa = XCBuildConfiguration;
			buildSettings = {
				ALWAYS_EMBED_SWIFT_STANDARD_LIBRARIES = YES;
				BUNDLE_LOADER = "$(TEST_HOST)";
				CODE_SIGN_STYLE = Automatic;
				DEVELOPMENT_TEAM = BK6SYNX968;
				INFOPLIST_FILE = AmusementParkPassGeneratorTests/Info.plist;
				LD_RUNPATH_SEARCH_PATHS = "$(inherited) @executable_path/Frameworks @loader_path/Frameworks";
				PRODUCT_BUNDLE_IDENTIFIER = io.maldahleh.AmusementParkPassGeneratorTests;
				PRODUCT_NAME = "$(TARGET_NAME)";
				SWIFT_VERSION = 4.0;
				TARGETED_DEVICE_FAMILY = "1,2";
				TEST_HOST = "$(BUILT_PRODUCTS_DIR)/AmusementParkPassGenerator.app/AmusementParkPassGenerator";
			};
			name = Release;
		};
		4A2D4A6C1FD734150086ED0D /* Debug */ = {
			isa = XCBuildConfiguration;
			buildSettings = {
				ALWAYS_EMBED_SWIFT_STANDARD_LIBRARIES = YES;
				CODE_SIGN_STYLE = Automatic;
				DEVELOPMENT_TEAM = BK6SYNX968;
				INFOPLIST_FILE = AmusementParkPassGeneratorUITests/Info.plist;
				LD_RUNPATH_SEARCH_PATHS = "$(inherited) @executable_path/Frameworks @loader_path/Frameworks";
				PRODUCT_BUNDLE_IDENTIFIER = io.maldahleh.AmusementParkPassGeneratorUITests;
				PRODUCT_NAME = "$(TARGET_NAME)";
				SWIFT_VERSION = 4.0;
				TARGETED_DEVICE_FAMILY = "1,2";
				TEST_TARGET_NAME = AmusementParkPassGenerator;
			};
			name = Debug;
		};
		4A2D4A6D1FD734150086ED0D /* Release */ = {
			isa = XCBuildConfiguration;
			buildSettings = {
				ALWAYS_EMBED_SWIFT_STANDARD_LIBRARIES = YES;
				CODE_SIGN_STYLE = Automatic;
				DEVELOPMENT_TEAM = BK6SYNX968;
				INFOPLIST_FILE = AmusementParkPassGeneratorUITests/Info.plist;
				LD_RUNPATH_SEARCH_PATHS = "$(inherited) @executable_path/Frameworks @loader_path/Frameworks";
				PRODUCT_BUNDLE_IDENTIFIER = io.maldahleh.AmusementParkPassGeneratorUITests;
				PRODUCT_NAME = "$(TARGET_NAME)";
				SWIFT_VERSION = 4.0;
				TARGETED_DEVICE_FAMILY = "1,2";
				TEST_TARGET_NAME = AmusementParkPassGenerator;
			};
			name = Release;
		};
/* End XCBuildConfiguration section */

/* Begin XCConfigurationList section */
		4A2D4A381FD734150086ED0D /* Build configuration list for PBXProject "AmusementParkPassGenerator" */ = {
			isa = XCConfigurationList;
			buildConfigurations = (
				4A2D4A631FD734150086ED0D /* Debug */,
				4A2D4A641FD734150086ED0D /* Release */,
			);
			defaultConfigurationIsVisible = 0;
			defaultConfigurationName = Release;
		};
		4A2D4A651FD734150086ED0D /* Build configuration list for PBXNativeTarget "AmusementParkPassGenerator" */ = {
			isa = XCConfigurationList;
			buildConfigurations = (
				4A2D4A661FD734150086ED0D /* Debug */,
				4A2D4A671FD734150086ED0D /* Release */,
			);
			defaultConfigurationIsVisible = 0;
			defaultConfigurationName = Release;
		};
		4A2D4A681FD734150086ED0D /* Build configuration list for PBXNativeTarget "AmusementParkPassGeneratorTests" */ = {
			isa = XCConfigurationList;
			buildConfigurations = (
				4A2D4A691FD734150086ED0D /* Debug */,
				4A2D4A6A1FD734150086ED0D /* Release */,
			);
			defaultConfigurationIsVisible = 0;
			defaultConfigurationName = Release;
		};
		4A2D4A6B1FD734150086ED0D /* Build configuration list for PBXNativeTarget "AmusementParkPassGeneratorUITests" */ = {
			isa = XCConfigurationList;
			buildConfigurations = (
				4A2D4A6C1FD734150086ED0D /* Debug */,
				4A2D4A6D1FD734150086ED0D /* Release */,
			);
			defaultConfigurationIsVisible = 0;
			defaultConfigurationName = Release;
		};
/* End XCConfigurationList section */
	};
	rootObject = 4A2D4A351FD734150086ED0D /* Project object */;
}
